Microsoft Visual Studio Solution File, Format Version 12.00
# Visual Studio 2012
Project("{FAE04EC0-301F-11D3-BF4B-00C04F79EFBC}") = "MapBubbleCharts", "MapBubbleCharts\MapBubbleCharts.csproj", "{DC505E17-44A3-48BB-8946-2E1C054362BC}"
EndProject
Global
	GlobalSection(SolutionConfigurationPlatforms) = preSolution
		Debug|Any CPU = Debug|Any CPU
		Release|Any CPU = Release|Any CPU
	EndGlobalSection
	GlobalSection(ProjectConfigurationPlatforms) = postSolution
		{DC505E17-44A3-48BB-8946-2E1C054362BC}.Debug|Any CPU.ActiveCfg = Debug|Any CPU
		{DC505E17-44A3-48BB-8946-2E1C054362BC}.Debug|Any CPU.Build.0 = Debug|Any CPU
		{DC505E17-44A3-48BB-8946-2E1C054362BC}.Release|Any CPU.ActiveCfg = Release|Any CPU
		{DC505E17-44A3-48BB-8946-2E1C054362BC}.Release|Any CPU.Build.0 = Release|Any CPU
	EndGlobalSection
	GlobalSection(SolutionProperties) = preSolution
		HideSolutionNode = FALSE
	EndGlobalSection
EndGlobal
